<?xml version="1.0" encoding="utf-8"?>
<Project ToolsVersion="4.0" xmlns="http://schemas.microsoft.com/developer/msbuild/2003">
  <ItemGroup>
    <Filter Include="entities">
      <UniqueIdentifier>{cee79192-5b47-4d30-9aae-4486187d448d}</UniqueIdentifier>
    </Filter>
    <Filter Include="game_states">
      <UniqueIdentifier>{cfbe6c9a-502c-47ee-9520-7d2dca3efe1b}</UniqueIdentifier>
    </Filter>
    <Filter Include="managers">
      <UniqueIdentifier>{e955760d-87c9-4acd-bc53-e4da4cdf9115}</UniqueIdentifier>
    </Filter>
    <Filter Include="utilities">
      <UniqueIdentifier>{ba2879ae-6205-49f9-b5ea-c89b6d624ee9}</UniqueIdentifier>
    </Filter>
    <Filter Include="scrolling_map">
      <UniqueIdentifier>{ac0167bd-f95a-4d7e-b4b7-6cca68ddd47a}</UniqueIdentifier>
    </Filter>
    <Filter Include="hud">
      <UniqueIdentifier>{5c039fbc-25ad-4899-b9e9-8b318276765f}</UniqueIdentifier>
    </Filter>
    <Filter Include="entities_generators">
      <UniqueIdentifier>{bdabd63a-af16-4614-8080-98afb2d2eb8b}</UniqueIdentifier>
    </Filter>
    <Filter Include="algorithms">
      <UniqueIdentifier>{264f7a6b-8673-42cc-b1d0-a290fa9bc37b}</UniqueIdentifier>
    </Filter>
    <Filter Include="animators">
      <UniqueIdentifier>{81c2b019-8da0-44ef-a6bc-85dccd320895}</UniqueIdentifier>
    </Filter>
    <Filter Include="coliders">
      <UniqueIdentifier>{c27aef0e-bfb2-4255-936a-4a596032e69d}</UniqueIdentifier>
    </Filter>
  </ItemGroup>
  <ItemGroup>
    <ClCompile Include="game_states\ControlsState.cpp">
      <Filter>game_states</Filter>
    </ClCompile>
    <ClCompile Include="game_states\CreditsState.cpp">
      <Filter>game_states</Filter>
    </ClCompile>
    <ClCompile Include="game_states\GameExplanationState.cpp">
      <Filter>game_states</Filter>
    </ClCompile>
    <ClCompile Include="game_states\InformationState.cpp">
      <Filter>game_states</Filter>
    </ClCompile>
    <ClCompile Include="game_states\Level01State.cpp">
      <Filter>game_states</Filter>
    </ClCompile>
    <ClCompile Include="game_states\LoadingState.cpp">
      <Filter>game_states</Filter>
    </ClCompile>
    <ClCompile Include="game_states\MainMenuState.cpp">
      <Filter>game_states</Filter>
    </ClCompile>
    <ClCompile Include="managers\GameManager.cpp">
      <Filter>managers</Filter>
    </ClCompile>
    <ClCompile Include="utilities\Updaters.cpp">
      <Filter>utilities</Filter>
    </ClCompile>
    <ClCompile Include="main.cpp" />
    <ClCompile Include="scrolling_map\ScrollingMap.cpp">
      <Filter>scrolling_map</Filter>
    </ClCompile>
    <ClCompile Include="scrolling_map\BackgroundItemsGenerator.cpp">
      <Filter>scrolling_map</Filter>
    </ClCompile>
    <ClCompile Include="hud\Hud.cpp">
      <Filter>hud</Filter>
    </ClCompile>
    <ClCompile Include="entities_generators\JewelsGenerator.cpp">
      <Filter>entities_generators</Filter>
    </ClCompile>
    <ClCompile Include="algorithms\Linear.cpp">
      <Filter>algorithms</Filter>
    </ClCompile>
    <ClCompile Include="entities\Enemy.cpp">
      <Filter>entities</Filter>
    </ClCompile>
    <ClCompile Include="algorithms\Z.cpp">
      <Filter>algorithms</Filter>
    </ClCompile>
    <ClCompile Include="algorithms\L.cpp">
      <Filter>algorithms</Filter>
    </ClCompile>
    <ClCompile Include="algorithms\Sin.cc">
      <Filter>algorithms</Filter>
    </ClCompile>
    <ClCompile Include="algorithms\Diagonal.cc">
      <Filter>algorithms</Filter>
    </ClCompile>
    <ClCompile Include="algorithms\Bounce.cpp">
      <Filter>algorithms</Filter>
    </ClCompile>
    <ClCompile Include="animators\PlayerAnimator.cpp">
      <Filter>animators</Filter>
    </ClCompile>
    <ClCompile Include="entities_generators\EnemysGenerator.cpp">
      <Filter>entities_generators</Filter>
    </ClCompile>
    <ClCompile Include="coliders\GemColider.cpp">
      <Filter>coliders</Filter>
    </ClCompile>
    <ClCompile Include="coliders\CollisionHelper.cpp">
      <Filter>coliders</Filter>
    </ClCompile>
    <ClCompile Include="hud\HudPopulator.cpp">
      <Filter>hud</Filter>
    </ClCompile>
    <ClCompile Include="coliders\EnemyColider.cpp">
      <Filter>coliders</Filter>
    </ClCompile>
    <ClCompile Include="game_states\GameOverState.cpp">
      <Filter>game_states</Filter>
    </ClCompile>
    <ClCompile Include="game_states\CongratulationsState.cpp">
      <Filter>game_states</Filter>
    </ClCompile>
  </ItemGroup>
  <ItemGroup>
    <ClInclude Include="game_states\ControlsState.h">
      <Filter>game_states</Filter>
    </ClInclude>
    <ClInclude Include="game_states\CreditsState.h">
      <Filter>game_states</Filter>
    </ClInclude>
    <ClInclude Include="game_states\GameExplanationState.h">
      <Filter>game_states</Filter>
    </ClInclude>
    <ClInclude Include="game_states\InformationState.h">
      <Filter>game_states</Filter>
    </ClInclude>
    <ClInclude Include="game_states\Level01State.h">
      <Filter>game_states</Filter>
    </ClInclude>
    <ClInclude Include="game_states\LoadingState.h">
      <Filter>game_states</Filter>
    </ClInclude>
    <ClInclude Include="game_states\MainMenuState.h">
      <Filter>game_states</Filter>
    </ClInclude>
    <ClInclude Include="managers\GameManager.h">
      <Filter>managers</Filter>
    </ClInclude>
    <ClInclude Include="utilities\Updaters.h">
      <Filter>utilities</Filter>
    </ClInclude>
    <ClInclude Include="scrolling_map\ScrollingMap.h">
      <Filter>scrolling_map</Filter>
    </ClInclude>
    <ClInclude Include="hud\Hud.h">
      <Filter>hud</Filter>
    </ClInclude>
    <ClInclude Include="entities\Enemy.h">
      <Filter>entities</Filter>
    </ClInclude>
    <ClInclude Include="algorithms\linear.h">
      <Filter>algorithms</Filter>
    </ClInclude>
    <ClInclude Include="algorithms\Algorithm.h">
      <Filter>algorithms</Filter>
    </ClInclude>
    <ClInclude Include="algorithms\z.h">
      <Filter>algorithms</Filter>
    </ClInclude>
    <ClInclude Include="algorithms\L.h">
      <Filter>algorithms</Filter>
    </ClInclude>
    <ClInclude Include="algorithms\sin.h">
      <Filter>algorithms</Filter>
    </ClInclude>
    <ClInclude Include="algorithms\Bounce.h">
      <Filter>algorithms</Filter>
    </ClInclude>
    <ClInclude Include="algorithms\Diagonal.h">
      <Filter>algorithms</Filter>
    </ClInclude>
    <ClInclude Include="scrolling_map\BackgroundItemsGenerator.h">
      <Filter>scrolling_map</Filter>
    </ClInclude>
    <ClInclude Include="entities_generators\JewelsGenerator.h">
      <Filter>entities_generators</Filter>
    </ClInclude>
    <ClInclude Include="animators\PlayerAnimator.h">
      <Filter>animators</Filter>
    </ClInclude>
    <ClInclude Include="entities_generators\EnemysGenerator.h">
      <Filter>entities_generators</Filter>
    </ClInclude>
    <ClInclude Include="coliders\GemColider.h">
      <Filter>coliders</Filter>
    </ClInclude>
    <ClInclude Include="hud\HudPopulator.h">
      <Filter>hud</Filter>
    </ClInclude>
    <ClInclude Include="coliders\CollisionHelper.h">
      <Filter>coliders</Filter>
    </ClInclude>
    <ClInclude Include="coliders\EnemyColider.h">
      <Filter>coliders</Filter>
    </ClInclude>
    <ClInclude Include="game_states\GameOverState.h">
      <Filter>game_states</Filter>
    </ClInclude>
    <ClInclude Include="game_states\CongratulationsState.h">
      <Filter>game_states</Filter>
    </ClInclude>
    <ClInclude Include="entities_generators\MoveType.h">
      <Filter>entities_generators</Filter>
    </ClInclude>
  </ItemGroup>
</Project>